
Microsoft Visual Studio Solution File, Format Version 12.00
Project("{FAE04EC0-301F-11D3-BF4B-00C04F79EFBC}") = "Order.Management", "Order.Management.PR\Order.Management.csproj", "{64FF93AB-0B53-4F63-B0F7-AC2218503640}"
EndProject
Global
	GlobalSection(SolutionConfigurationPlatforms) = preSolution
		Debug|Any CPU = Debug|Any CPU
		Release|Any CPU = Release|Any CPU
	EndGlobalSection
	GlobalSection(ProjectConfigurationPlatforms) = postSolution
		{64FF93AB-0B53-4F63-B0F7-AC2218503640}.Debug|Any CPU.ActiveCfg = Debug|Any CPU
		{64FF93AB-0B53-4F63-B0F7-AC2218503640}.Debug|Any CPU.Build.0 = Debug|Any CPU
		{64FF93AB-0B53-4F63-B0F7-AC2218503640}.Release|Any CPU.ActiveCfg = Release|Any CPU
		{64FF93AB-0B53-4F63-B0F7-AC2218503640}.Release|Any CPU.Build.0 = Release|Any CPU
	EndGlobalSection
EndGlobal
