
Microsoft Visual Studio Solution File, Format Version 12.00
# Visual Studio Version 16
VisualStudioVersion = 16.0.29519.87
MinimumVisualStudioVersion = 10.0.40219.1
Project("{9A19103F-16F7-4668-BE54-9A1E7A4F7556}") = "Order.Management", "Order.Management\Order.Management.csproj", "{1DAC7794-3F0E-4083-95A9-2E6FF9512C0C}"
EndProject
Project("{FAE04EC0-301F-11D3-BF4B-00C04F79EFBC}") = "Order.Management.Tests", "Order.Management.Tests\Order.Management.Tests.csproj", "{AC5FC1FA-BD5C-4C87-BD2A-9EB4C073FEDA}"
EndProject
Global
	GlobalSection(SolutionConfigurationPlatforms) = preSolution
		Debug|Any CPU = Debug|Any CPU
		Release|Any CPU = Release|Any CPU
	EndGlobalSection
	GlobalSection(ProjectConfigurationPlatforms) = postSolution
		{1DAC7794-3F0E-4083-95A9-2E6FF9512C0C}.Debug|Any CPU.ActiveCfg = Debug|Any CPU
		{1DAC7794-3F0E-4083-95A9-2E6FF9512C0C}.Debug|Any CPU.Build.0 = Debug|Any CPU
		{1DAC7794-3F0E-4083-95A9-2E6FF9512C0C}.Release|Any CPU.ActiveCfg = Release|Any CPU
		{1DAC7794-3F0E-4083-95A9-2E6FF9512C0C}.Release|Any CPU.Build.0 = Release|Any CPU
		{AC5FC1FA-BD5C-4C87-BD2A-9EB4C073FEDA}.Debug|Any CPU.ActiveCfg = Debug|Any CPU
		{AC5FC1FA-BD5C-4C87-BD2A-9EB4C073FEDA}.Debug|Any CPU.Build.0 = Debug|Any CPU
		{AC5FC1FA-BD5C-4C87-BD2A-9EB4C073FEDA}.Release|Any CPU.ActiveCfg = Release|Any CPU
		{AC5FC1FA-BD5C-4C87-BD2A-9EB4C073FEDA}.Release|Any CPU.Build.0 = Release|Any CPU
	EndGlobalSection
	GlobalSection(SolutionProperties) = preSolution
		HideSolutionNode = FALSE
	EndGlobalSection
	GlobalSection(ExtensibilityGlobals) = postSolution
		SolutionGuid = {058289B9-0F85-4C8A-A760-4AAFB6A8BB91}
	EndGlobalSection
EndGlobal
